
Microsoft Visual Studio Solution File, Format Version 12.00
# Visual Studio Version 17
VisualStudioVersion = 17.11.35222.181
MinimumVisualStudioVersion = 10.0.40219.1
Project("{FAE04EC0-301F-11D3-BF4B-00C04F79EFBC}") = "KOstka MAUI nigg", "KOstka MAUI nigg.csproj", "{DC5EB818-D9D6-4D7A-9ED4-F01C73106A0A}"
EndProject
Global
	GlobalSection(SolutionConfigurationPlatforms) = preSolution
		Debug|Any CPU = Debug|Any CPU
		Release|Any CPU = Release|Any CPU
	EndGlobalSection
	GlobalSection(ProjectConfigurationPlatforms) = postSolution
		{DC5EB818-D9D6-4D7A-9ED4-F01C73106A0A}.Debug|Any CPU.ActiveCfg = Debug|Any CPU
		{DC5EB818-D9D6-4D7A-9ED4-F01C73106A0A}.Debug|Any CPU.Build.0 = Debug|Any CPU
		{DC5EB818-D9D6-4D7A-9ED4-F01C73106A0A}.Debug|Any CPU.Deploy.0 = Debug|Any CPU
		{DC5EB818-D9D6-4D7A-9ED4-F01C73106A0A}.Release|Any CPU.ActiveCfg = Release|Any CPU
		{DC5EB818-D9D6-4D7A-9ED4-F01C73106A0A}.Release|Any CPU.Build.0 = Release|Any CPU
		{DC5EB818-D9D6-4D7A-9ED4-F01C73106A0A}.Release|Any CPU.Deploy.0 = Release|Any CPU
	EndGlobalSection
	GlobalSection(SolutionProperties) = preSolution
		HideSolutionNode = FALSE
	EndGlobalSection
	GlobalSection(ExtensibilityGlobals) = postSolution
		SolutionGuid = {70268947-DD13-4CDE-BDE2-492A23820D14}
	EndGlobalSection
EndGlobal
